
Microsoft Visual Studio Solution File, Format Version 12.00
# Visual Studio Version 16
VisualStudioVersion = 16.0.30907.101
MinimumVisualStudioVersion = 10.0.40219.1
Project("{FAE04EC0-301F-11D3-BF4B-00C04F79EFBC}") = "ElektaTest", "ElektaTest.csproj", "{429BEA3E-7C60-43FB-A135-1EE34DADF8FF}"
EndProject
Project("{FAE04EC0-301F-11D3-BF4B-00C04F79EFBC}") = "NUnitTest", "..\NUnitTest\NUnitTest.csproj", "{E4EF6063-2A8F-40C9-925D-C69BA5DDC8B8}"
EndProject
Global
	GlobalSection(SolutionConfigurationPlatforms) = preSolution
		Debug|Any CPU = Debug|Any CPU
		Release|Any CPU = Release|Any CPU
	EndGlobalSection
	GlobalSection(ProjectConfigurationPlatforms) = postSolution
		{429BEA3E-7C60-43FB-A135-1EE34DADF8FF}.Debug|Any CPU.ActiveCfg = Debug|Any CPU
		{429BEA3E-7C60-43FB-A135-1EE34DADF8FF}.Debug|Any CPU.Build.0 = Debug|Any CPU
		{429BEA3E-7C60-43FB-A135-1EE34DADF8FF}.Release|Any CPU.ActiveCfg = Release|Any CPU
		{429BEA3E-7C60-43FB-A135-1EE34DADF8FF}.Release|Any CPU.Build.0 = Release|Any CPU
		{E4EF6063-2A8F-40C9-925D-C69BA5DDC8B8}.Debug|Any CPU.ActiveCfg = Debug|Any CPU
		{E4EF6063-2A8F-40C9-925D-C69BA5DDC8B8}.Debug|Any CPU.Build.0 = Debug|Any CPU
		{E4EF6063-2A8F-40C9-925D-C69BA5DDC8B8}.Release|Any CPU.ActiveCfg = Release|Any CPU
		{E4EF6063-2A8F-40C9-925D-C69BA5DDC8B8}.Release|Any CPU.Build.0 = Release|Any CPU
	EndGlobalSection
	GlobalSection(SolutionProperties) = preSolution
		HideSolutionNode = FALSE
	EndGlobalSection
	GlobalSection(ExtensibilityGlobals) = postSolution
		SolutionGuid = {283E946C-3970-4CDC-8858-F9E1010C2B95}
	EndGlobalSection
EndGlobal
